PODS:
  - CocoaAsyncSocket (7.6.5)
  - FLAnimatedImage (1.0.16)
  - HCVideoPlayer (0.0.4):
    - CocoaAsyncSocket
    - FLAnimatedImage
    - HCVideoPlayer/no-arc (= 0.0.4)
    - HCVideoPlayerTools (= 0.0.5)
    - MJExtension
    - Reachability
    - SDWebImage
    - XCDYouTubeKit (= 2.8.2)
  - HCVideoPlayer/no-arc (0.0.4):
    - CocoaAsyncSocket
    - FLAnimatedImage
    - HCVideoPlayerTools (= 0.0.5)
    - MJExtension
    - Reachability
    - SDWebImage
    - XCDYouTubeKit (= 2.8.2)
  - HCVideoPlayerTools (0.0.5)
  - MJExtension (3.3.0)
  - Reachability (3.2)
  - SDWebImage (5.11.1):
    - SDWebImage/Core (= 5.11.1)
  - SDWebImage/Core (5.11.1)
  - XCDYouTubeKit (2.8.2)

DEPENDENCIES:
  - HCVideoPlayer (from `./`)

SPEC REPOS:
  trunk:
    - CocoaAsyncSocket
    - FLAnimatedImage
    - HCVideoPlayerTools
    - MJExtension
    - Reachability
    - SDWebImage
    - XCDYouTubeKit

EXTERNAL SOURCES:
  HCVideoPlayer:
    :path: "./"

SPEC CHECKSUMS:
  CocoaAsyncSocket: 065fd1e645c7abab64f7a6a2007a48038fdc6a99
  FLAnimatedImage: 8f3e854ebf9680b71f0b6e700939687fc4d82b4b
  HCVideoPlayer: 2678fe3319bc7859126359d58420bab9e6750b03
  HCVideoPlayerTools: a7ef7b0dc3deec99d288ff2865b8fd3b65bcf2ed
  MJExtension: 01704cca2b60a214c10761b6491eab74069d68a9
  Reachability: 33e18b67625424e47b6cde6d202dce689ad7af96
  SDWebImage: a7f831e1a65eb5e285e3fb046a23fcfbf08e696d
  XCDYouTubeKit: 79baadb0560673a67c771eba45f83e353fd12c1f

PODFILE CHECKSUM: 31c091eafd98fcf0cc1d90a015e847dc922a4f46

COCOAPODS: 1.14.2
