PODS:
  - CocoaAsyncSocket (7.6.5)
  - FLAnimatedImage (1.0.17)
  - google-cast-sdk (4.4.8):
    - google-cast-sdk/Core (= 4.4.8)
    - GTMSessionFetcher/Core (~> 1.1)
    - Protobuf (~> 3.0)
  - google-cast-sdk/Core (4.4.8):
    - GTMSessionFetcher/Core (~> 1.1)
    - Protobuf (~> 3.0)
  - GTMSessionFetcher/Core (1.7.2)
  - HCVideoPlayer (0.0.4):
    - CocoaAsyncSocket
    - FLAnimatedImage
    - google-cast-sdk (~> 4.4.6)
    - HCVideoPlayer/no-arc (= 0.0.4)
    - HCVideoPlayerTools (= 0.0.5)
    - MJExtension
    - Reachability
    - SDWebImage
    - XCDYouTubeKit (= 2.8.2)
  - HCVideoPlayer/no-arc (0.0.4):
    - CocoaAsyncSocket
    - FLAnimatedImage
    - google-cast-sdk (~> 4.4.6)
    - HCVideoPlayerTools (= 0.0.5)
    - MJExtension
    - Reachability
    - SDWebImage
    - XCDYouTubeKit (= 2.8.2)
  - HCVideoPlayerTools (0.0.5)
  - MJExtension (3.4.1)
  - Protobuf (3.21.12)
  - Reachability (3.2)
  - SDWebImage (5.18.7):
    - SDWebImage/Core (= 5.18.7)
  - SDWebImage/Core (5.18.7)
  - XCDYouTubeKit (2.8.2)

DEPENDENCIES:
  - HCVideoPlayer (from `./`)

SPEC REPOS:
  trunk:
    - CocoaAsyncSocket
    - FLAnimatedImage
    - google-cast-sdk
    - GTMSessionFetcher
    - HCVideoPlayerTools
    - MJExtension
    - Protobuf
    - Reachability
    - SDWebImage
    - XCDYouTubeKit

EXTERNAL SOURCES:
  HCVideoPlayer:
    :path: "./"

SPEC CHECKSUMS:
  CocoaAsyncSocket: 065fd1e645c7abab64f7a6a2007a48038fdc6a99
  FLAnimatedImage: bbf914596368867157cc71b38a8ec834b3eeb32b
  google-cast-sdk: 2feec01ef5ee467f70a14acde9f01f188aeea76f
  GTMSessionFetcher: 5595ec75acf5be50814f81e9189490412bad82ba
  HCVideoPlayer: 39684d07209a8381822648b1f954a93480d4361e
  HCVideoPlayerTools: a7ef7b0dc3deec99d288ff2865b8fd3b65bcf2ed
  MJExtension: 21c5f6f8c4d5d8844b7ae8fbae08fed0b501f961
  Protobuf: 120350fc38646e2dedc26f49ecba778184ea1de2
  Reachability: 33e18b67625424e47b6cde6d202dce689ad7af96
  SDWebImage: f9258c58221ed854cfa0e2b80ee4033710b1c6d3
  XCDYouTubeKit: 79baadb0560673a67c771eba45f83e353fd12c1f

PODFILE CHECKSUM: 31c091eafd98fcf0cc1d90a015e847dc922a4f46

COCOAPODS: 1.14.2
